
Microsoft Visual Studio Solution File, Format Version 12.00
# Visual Studio 2012
Project("{FAE04EC0-301F-11D3-BF4B-00C04F79EFBC}") = "OpenWOPI.Core", "OpenWOPI.Core\OpenWOPI.Core.csproj", "{7DBD5D94-6CD0-41FF-9DC6-C2C16D1B9E86}"
EndProject
Project("{FAE04EC0-301F-11D3-BF4B-00C04F79EFBC}") = "OpenWOPI.Client", "OpenWOPI.Client\OpenWOPI.Client.csproj", "{8FC9930F-876B-4D26-9594-738159394252}"
EndProject
Project("{FAE04EC0-301F-11D3-BF4B-00C04F79EFBC}") = "OpenWOPI.Client.Web", "OpenWOPI.Client.Web\OpenWOPI.Client.Web.csproj", "{3C849631-1B3D-47BB-B995-E42AC8FE465C}"
EndProject
Project("{2150E333-8FDC-42A3-9474-1A3956D46DE8}") = "Applications", "Applications", "{A148416A-6261-4CC5-AA1F-F3615FC676CB}"
EndProject
Global
	GlobalSection(TeamFoundationVersionControl) = preSolution
		SccNumberOfProjects = 4
		SccEnterpriseProvider = {4CA58AB2-18FA-4F8D-95D4-32DDF27D184C}
		SccTeamFoundationServer = https://tfs.codeplex.com/tfs/tfs10
		SccLocalPath0 = .
		SccProjectUniqueName1 = OpenWOPI.Client.Web\\OpenWOPI.Client.Web.csproj
		SccProjectName1 = OpenWOPI.Client.Web
		SccLocalPath1 = OpenWOPI.Client.Web
		SccProjectUniqueName2 = OpenWOPI.Client\\OpenWOPI.Client.csproj
		SccProjectName2 = OpenWOPI.Client
		SccLocalPath2 = OpenWOPI.Client
		SccProjectUniqueName3 = OpenWOPI.Core\\OpenWOPI.Core.csproj
		SccProjectName3 = OpenWOPI.Core
		SccLocalPath3 = OpenWOPI.Core
	EndGlobalSection
	GlobalSection(SolutionConfigurationPlatforms) = preSolution
		Debug|Any CPU = Debug|Any CPU
		Release|Any CPU = Release|Any CPU
	EndGlobalSection
	GlobalSection(ProjectConfigurationPlatforms) = postSolution
		{7DBD5D94-6CD0-41FF-9DC6-C2C16D1B9E86}.Debug|Any CPU.ActiveCfg = Debug|Any CPU
		{7DBD5D94-6CD0-41FF-9DC6-C2C16D1B9E86}.Debug|Any CPU.Build.0 = Debug|Any CPU
		{7DBD5D94-6CD0-41FF-9DC6-C2C16D1B9E86}.Release|Any CPU.ActiveCfg = Release|Any CPU
		{7DBD5D94-6CD0-41FF-9DC6-C2C16D1B9E86}.Release|Any CPU.Build.0 = Release|Any CPU
		{8FC9930F-876B-4D26-9594-738159394252}.Debug|Any CPU.ActiveCfg = Debug|Any CPU
		{8FC9930F-876B-4D26-9594-738159394252}.Debug|Any CPU.Build.0 = Debug|Any CPU
		{8FC9930F-876B-4D26-9594-738159394252}.Release|Any CPU.ActiveCfg = Release|Any CPU
		{8FC9930F-876B-4D26-9594-738159394252}.Release|Any CPU.Build.0 = Release|Any CPU
		{3C849631-1B3D-47BB-B995-E42AC8FE465C}.Debug|Any CPU.ActiveCfg = Debug|Any CPU
		{3C849631-1B3D-47BB-B995-E42AC8FE465C}.Debug|Any CPU.Build.0 = Debug|Any CPU
		{3C849631-1B3D-47BB-B995-E42AC8FE465C}.Release|Any CPU.ActiveCfg = Release|Any CPU
		{3C849631-1B3D-47BB-B995-E42AC8FE465C}.Release|Any CPU.Build.0 = Release|Any CPU
	EndGlobalSection
	GlobalSection(SolutionProperties) = preSolution
		HideSolutionNode = FALSE
	EndGlobalSection
EndGlobal
