
Microsoft Visual Studio Solution File, Format Version 12.00
# Visual Studio 2012
Project("{FAE04EC0-301F-11D3-BF4B-00C04F79EFBC}") = "OpenWOPI.SharePoint", "OpenWOPI.SharePoint\OpenWOPI.SharePoint.csproj", "{99279946-3B48-4728-886B-7DD5F4D41E7B}"
EndProject
Global
	GlobalSection(TeamFoundationVersionControl) = preSolution
		SccNumberOfProjects = 2
		SccEnterpriseProvider = {4CA58AB2-18FA-4F8D-95D4-32DDF27D184C}
		SccTeamFoundationServer = https://tfs.codeplex.com/tfs/tfs10
		SccLocalPath0 = .
		SccProjectUniqueName1 = OpenWOPI.SharePoint\\OpenWOPI.SharePoint.csproj
		SccProjectName1 = OpenWOPI.SharePoint
		SccLocalPath1 = OpenWOPI.SharePoint
	EndGlobalSection
	GlobalSection(SolutionConfigurationPlatforms) = preSolution
		Debug|Any CPU = Debug|Any CPU
		Release|Any CPU = Release|Any CPU
	EndGlobalSection
	GlobalSection(ProjectConfigurationPlatforms) = postSolution
		{99279946-3B48-4728-886B-7DD5F4D41E7B}.Debug|Any CPU.ActiveCfg = Debug|Any CPU
		{99279946-3B48-4728-886B-7DD5F4D41E7B}.Debug|Any CPU.Build.0 = Debug|Any CPU
		{99279946-3B48-4728-886B-7DD5F4D41E7B}.Debug|Any CPU.Deploy.0 = Debug|Any CPU
		{99279946-3B48-4728-886B-7DD5F4D41E7B}.Release|Any CPU.ActiveCfg = Release|Any CPU
		{99279946-3B48-4728-886B-7DD5F4D41E7B}.Release|Any CPU.Build.0 = Release|Any CPU
		{99279946-3B48-4728-886B-7DD5F4D41E7B}.Release|Any CPU.Deploy.0 = Release|Any CPU
	EndGlobalSection
	GlobalSection(SolutionProperties) = preSolution
		HideSolutionNode = FALSE
	EndGlobalSection
EndGlobal
